
Microsoft Visual Studio Solution File, Format Version 12.00
# Visual Studio 15
VisualStudioVersion = 15.0.27703.2042
MinimumVisualStudioVersion = 10.0.40219.1
Project("{FAE04EC0-301F-11D3-BF4B-00C04F79EFBC}") = "NoDock", "NoDock\NoDock.csproj", "{227A28C4-B54A-4AC0-9411-887211C5DC67}"
EndProject
Project("{FAE04EC0-301F-11D3-BF4B-00C04F79EFBC}") = "BaseToSolarCntlConverter", "BaseToSolarCntlConverter\BaseToSolarCntlConverter.csproj", "{303D5123-36EA-4DAF-B195-ADB480495198}"
EndProject
Global
	GlobalSection(SolutionConfigurationPlatforms) = preSolution
		Debug|Any CPU = Debug|Any CPU
		Release|Any CPU = Release|Any CPU
	EndGlobalSection
	GlobalSection(ProjectConfigurationPlatforms) = postSolution
		{227A28C4-B54A-4AC0-9411-887211C5DC67}.Debug|Any CPU.ActiveCfg = Debug|Any CPU
		{227A28C4-B54A-4AC0-9411-887211C5DC67}.Debug|Any CPU.Build.0 = Debug|Any CPU
		{227A28C4-B54A-4AC0-9411-887211C5DC67}.Release|Any CPU.ActiveCfg = Release|Any CPU
		{227A28C4-B54A-4AC0-9411-887211C5DC67}.Release|Any CPU.Build.0 = Release|Any CPU
		{303D5123-36EA-4DAF-B195-ADB480495198}.Debug|Any CPU.ActiveCfg = Debug|Any CPU
		{303D5123-36EA-4DAF-B195-ADB480495198}.Debug|Any CPU.Build.0 = Debug|Any CPU
		{303D5123-36EA-4DAF-B195-ADB480495198}.Release|Any CPU.ActiveCfg = Release|Any CPU
		{303D5123-36EA-4DAF-B195-ADB480495198}.Release|Any CPU.Build.0 = Release|Any CPU
	EndGlobalSection
	GlobalSection(SolutionProperties) = preSolution
		HideSolutionNode = FALSE
	EndGlobalSection
	GlobalSection(ExtensibilityGlobals) = postSolution
		SolutionGuid = {7E48B934-F910-4B8F-9666-C657172BA3CC}
	EndGlobalSection
EndGlobal
